
Microsoft Visual Studio Solution File, Format Version 12.00
# Visual Studio Version 16
VisualStudioVersion = 25.0.1704.3
MinimumVisualStudioVersion = 10.0.40219.1
Project("{FAE04EC0-301F-11D3-BF4B-00C04F79EFBC}") = "ChallengeAPI", "ChallengeAPI\ChallengeAPI.csproj", "{19FA7F45-FB53-45BD-84E5-34A37659419E}"
EndProject
Project("{FAE04EC0-301F-11D3-BF4B-00C04F79EFBC}") = "NetCoreAPIMySQL.Data", "NetCoreAPIMySQL.Data\NetCoreAPIMySQL.Data.csproj", "{24FFE073-BA4E-4652-9603-0787B0F7A28E}"
EndProject
Project("{FAE04EC0-301F-11D3-BF4B-00C04F79EFBC}") = "NetCoreAPIMySQL.Model", "NetCoreAPIMySQL.Model\NetCoreAPIMySQL.Model.csproj", "{513E5D66-0C2F-42D3-A98F-6869D5A53BD8}"
EndProject
Global
	GlobalSection(SolutionConfigurationPlatforms) = preSolution
		Debug|Any CPU = Debug|Any CPU
		Release|Any CPU = Release|Any CPU
	EndGlobalSection
	GlobalSection(ProjectConfigurationPlatforms) = postSolution
		{19FA7F45-FB53-45BD-84E5-34A37659419E}.Debug|Any CPU.ActiveCfg = Debug|Any CPU
		{19FA7F45-FB53-45BD-84E5-34A37659419E}.Debug|Any CPU.Build.0 = Debug|Any CPU
		{19FA7F45-FB53-45BD-84E5-34A37659419E}.Release|Any CPU.ActiveCfg = Release|Any CPU
		{19FA7F45-FB53-45BD-84E5-34A37659419E}.Release|Any CPU.Build.0 = Release|Any CPU
		{24FFE073-BA4E-4652-9603-0787B0F7A28E}.Debug|Any CPU.ActiveCfg = Debug|Any CPU
		{24FFE073-BA4E-4652-9603-0787B0F7A28E}.Debug|Any CPU.Build.0 = Debug|Any CPU
		{24FFE073-BA4E-4652-9603-0787B0F7A28E}.Release|Any CPU.ActiveCfg = Release|Any CPU
		{24FFE073-BA4E-4652-9603-0787B0F7A28E}.Release|Any CPU.Build.0 = Release|Any CPU
		{513E5D66-0C2F-42D3-A98F-6869D5A53BD8}.Debug|Any CPU.ActiveCfg = Debug|Any CPU
		{513E5D66-0C2F-42D3-A98F-6869D5A53BD8}.Debug|Any CPU.Build.0 = Debug|Any CPU
		{513E5D66-0C2F-42D3-A98F-6869D5A53BD8}.Release|Any CPU.ActiveCfg = Release|Any CPU
		{513E5D66-0C2F-42D3-A98F-6869D5A53BD8}.Release|Any CPU.Build.0 = Release|Any CPU
	EndGlobalSection
	GlobalSection(SolutionProperties) = preSolution
		HideSolutionNode = FALSE
	EndGlobalSection
	GlobalSection(ExtensibilityGlobals) = postSolution
		SolutionGuid = {5E3AE4A8-1E94-4C43-A835-BD7F37AA348C}
	EndGlobalSection
EndGlobal
